
Microsoft Visual Studio Solution File, Format Version 12.00
# Visual Studio Version 16
VisualStudioVersion = 16.0.29306.81
MinimumVisualStudioVersion = 10.0.40219.1
Project("{9A19103F-16F7-4668-BE54-9A1E7A4F7556}") = "BasicConverter", "BasicConverter.csproj", "{569DA906-322A-444D-A5B0-84096E982043}"
EndProject
Global
	GlobalSection(SolutionConfigurationPlatforms) = preSolution
		Debug|Any CPU = Debug|Any CPU
		Release|Any CPU = Release|Any CPU
	EndGlobalSection
	GlobalSection(ProjectConfigurationPlatforms) = postSolution
		{569DA906-322A-444D-A5B0-84096E982043}.Debug|Any CPU.ActiveCfg = Debug|Any CPU
		{569DA906-322A-444D-A5B0-84096E982043}.Debug|Any CPU.Build.0 = Debug|Any CPU
		{569DA906-322A-444D-A5B0-84096E982043}.Release|Any CPU.ActiveCfg = Release|Any CPU
		{569DA906-322A-444D-A5B0-84096E982043}.Release|Any CPU.Build.0 = Release|Any CPU
	EndGlobalSection
	GlobalSection(SolutionProperties) = preSolution
		HideSolutionNode = FALSE
	EndGlobalSection
	GlobalSection(ExtensibilityGlobals) = postSolution
		SolutionGuid = {A0AC9E16-BA87-4D4F-9FB9-4BD832E1C1A3}
	EndGlobalSection
EndGlobal
